
Microsoft Visual Studio Solution File, Format Version 12.00
# Visual Studio Version 17
VisualStudioVersion = 17.1.32421.90
MinimumVisualStudioVersion = 10.0.40219.1
Project("{FAE04EC0-301F-11D3-BF4B-00C04F79EFBC}") = "Hospital", "Hospital\Hospital.csproj", "{0010938D-9044-4F59-9FC7-832E75B2F2D1}"
EndProject
Global
	GlobalSection(SolutionConfigurationPlatforms) = preSolution
		Debug|Any CPU = Debug|Any CPU
		Release|Any CPU = Release|Any CPU
	EndGlobalSection
	GlobalSection(ProjectConfigurationPlatforms) = postSolution
		{0010938D-9044-4F59-9FC7-832E75B2F2D1}.Debug|Any CPU.ActiveCfg = Debug|Any CPU
		{0010938D-9044-4F59-9FC7-832E75B2F2D1}.Debug|Any CPU.Build.0 = Debug|Any CPU
		{0010938D-9044-4F59-9FC7-832E75B2F2D1}.Release|Any CPU.ActiveCfg = Release|Any CPU
		{0010938D-9044-4F59-9FC7-832E75B2F2D1}.Release|Any CPU.Build.0 = Release|Any CPU
	EndGlobalSection
	GlobalSection(SolutionProperties) = preSolution
		HideSolutionNode = FALSE
	EndGlobalSection
	GlobalSection(ExtensibilityGlobals) = postSolution
		SolutionGuid = {D1624D29-8129-438D-A50F-F1CA70F379EF}
	EndGlobalSection
EndGlobal
